
Microsoft Visual Studio Solution File, Format Version 12.00
# Visual Studio Version 16
VisualStudioVersion = 16.0.31129.286
MinimumVisualStudioVersion = 10.0.40219.1
Project("{FAE04EC0-301F-11D3-BF4B-00C04F79EFBC}") = "ProyectoReinaMadre", "ProyectoReinaMadre.csproj", "{329DC94B-A647-4ABE-99BF-592B36899728}"
EndProject
Project("{FAE04EC0-301F-11D3-BF4B-00C04F79EFBC}") = "ConexionP", "..\ConexionP\ConexionP.csproj", "{F1B3DE84-70A9-4328-85CD-D47FB8CC16C8}"
EndProject
Project("{FAE04EC0-301F-11D3-BF4B-00C04F79EFBC}") = "Negocio", "..\Negocio\Negocio.csproj", "{96EA4632-2AD5-48C4-8877-9649120C2834}"
EndProject
Global
	GlobalSection(SolutionConfigurationPlatforms) = preSolution
		Debug|Any CPU = Debug|Any CPU
		Release|Any CPU = Release|Any CPU
	EndGlobalSection
	GlobalSection(ProjectConfigurationPlatforms) = postSolution
		{329DC94B-A647-4ABE-99BF-592B36899728}.Debug|Any CPU.ActiveCfg = Debug|Any CPU
		{329DC94B-A647-4ABE-99BF-592B36899728}.Debug|Any CPU.Build.0 = Debug|Any CPU
		{329DC94B-A647-4ABE-99BF-592B36899728}.Release|Any CPU.ActiveCfg = Release|Any CPU
		{329DC94B-A647-4ABE-99BF-592B36899728}.Release|Any CPU.Build.0 = Release|Any CPU
		{F1B3DE84-70A9-4328-85CD-D47FB8CC16C8}.Debug|Any CPU.ActiveCfg = Debug|Any CPU
		{F1B3DE84-70A9-4328-85CD-D47FB8CC16C8}.Debug|Any CPU.Build.0 = Debug|Any CPU
		{F1B3DE84-70A9-4328-85CD-D47FB8CC16C8}.Release|Any CPU.ActiveCfg = Release|Any CPU
		{F1B3DE84-70A9-4328-85CD-D47FB8CC16C8}.Release|Any CPU.Build.0 = Release|Any CPU
		{96EA4632-2AD5-48C4-8877-9649120C2834}.Debug|Any CPU.ActiveCfg = Debug|Any CPU
		{96EA4632-2AD5-48C4-8877-9649120C2834}.Debug|Any CPU.Build.0 = Debug|Any CPU
		{96EA4632-2AD5-48C4-8877-9649120C2834}.Release|Any CPU.ActiveCfg = Release|Any CPU
		{96EA4632-2AD5-48C4-8877-9649120C2834}.Release|Any CPU.Build.0 = Release|Any CPU
	EndGlobalSection
	GlobalSection(SolutionProperties) = preSolution
		HideSolutionNode = FALSE
	EndGlobalSection
	GlobalSection(ExtensibilityGlobals) = postSolution
		SolutionGuid = {E34BFA30-B678-4589-8F4E-7ABEEA671DD6}
	EndGlobalSection
EndGlobal
